
Microsoft Visual Studio Solution File, Format Version 12.00
Project("{FAE04EC0-301F-11D3-BF4B-00C04F79EFBC}") = "WebUI", "src\WebUI\WebUI.csproj", "{A7D31CEC-1941-483E-BA57-093AAFAAC800}"
EndProject
Project("{2150E333-8FDC-42A3-9474-1A3956D46DE8}") = "src", "src", "{D6D6A19D-EEC9-42C5-BAA9-13EFB929B6C1}"
EndProject
Project("{2150E333-8FDC-42A3-9474-1A3956D46DE8}") = "tests", "tests", "{B4ED6A11-BA89-4A34-9901-0EF9811DFB7B}"
EndProject
Project("{FAE04EC0-301F-11D3-BF4B-00C04F79EFBC}") = "Application", "src\Application\Application.csproj", "{577C53EB-8D50-4F16-BC8F-BDD2F053D9CE}"
EndProject
Project("{FAE04EC0-301F-11D3-BF4B-00C04F79EFBC}") = "Domain", "src\Domain\Domain.csproj", "{FD3D584F-5921-48FF-87D3-CBA8F246D628}"
EndProject
Project("{FAE04EC0-301F-11D3-BF4B-00C04F79EFBC}") = "Infrastructure", "src\Infrastructure\Infrastructure.csproj", "{3D2FB19C-3978-4AC4-9AFB-6B0AFFC373E9}"
EndProject
Project("{FAE04EC0-301F-11D3-BF4B-00C04F79EFBC}") = "Application.UnitTests", "tests\Application.UnitTests\Application.UnitTests.csproj", "{11CF4B06-F953-48E4-9F9D-05CD7B1DE4AA}"
EndProject
Global
	GlobalSection(SolutionConfigurationPlatforms) = preSolution
		Debug|Any CPU = Debug|Any CPU
		Release|Any CPU = Release|Any CPU
	EndGlobalSection
	GlobalSection(ProjectConfigurationPlatforms) = postSolution
		{A7D31CEC-1941-483E-BA57-093AAFAAC800}.Debug|Any CPU.ActiveCfg = Debug|Any CPU
		{A7D31CEC-1941-483E-BA57-093AAFAAC800}.Debug|Any CPU.Build.0 = Debug|Any CPU
		{A7D31CEC-1941-483E-BA57-093AAFAAC800}.Release|Any CPU.ActiveCfg = Release|Any CPU
		{A7D31CEC-1941-483E-BA57-093AAFAAC800}.Release|Any CPU.Build.0 = Release|Any CPU
		{577C53EB-8D50-4F16-BC8F-BDD2F053D9CE}.Debug|Any CPU.ActiveCfg = Debug|Any CPU
		{577C53EB-8D50-4F16-BC8F-BDD2F053D9CE}.Debug|Any CPU.Build.0 = Debug|Any CPU
		{577C53EB-8D50-4F16-BC8F-BDD2F053D9CE}.Release|Any CPU.ActiveCfg = Release|Any CPU
		{577C53EB-8D50-4F16-BC8F-BDD2F053D9CE}.Release|Any CPU.Build.0 = Release|Any CPU
		{FD3D584F-5921-48FF-87D3-CBA8F246D628}.Debug|Any CPU.ActiveCfg = Debug|Any CPU
		{FD3D584F-5921-48FF-87D3-CBA8F246D628}.Debug|Any CPU.Build.0 = Debug|Any CPU
		{FD3D584F-5921-48FF-87D3-CBA8F246D628}.Release|Any CPU.ActiveCfg = Release|Any CPU
		{FD3D584F-5921-48FF-87D3-CBA8F246D628}.Release|Any CPU.Build.0 = Release|Any CPU
		{3D2FB19C-3978-4AC4-9AFB-6B0AFFC373E9}.Debug|Any CPU.ActiveCfg = Debug|Any CPU
		{3D2FB19C-3978-4AC4-9AFB-6B0AFFC373E9}.Debug|Any CPU.Build.0 = Debug|Any CPU
		{3D2FB19C-3978-4AC4-9AFB-6B0AFFC373E9}.Release|Any CPU.ActiveCfg = Release|Any CPU
		{3D2FB19C-3978-4AC4-9AFB-6B0AFFC373E9}.Release|Any CPU.Build.0 = Release|Any CPU
		{11CF4B06-F953-48E4-9F9D-05CD7B1DE4AA}.Debug|Any CPU.ActiveCfg = Debug|Any CPU
		{11CF4B06-F953-48E4-9F9D-05CD7B1DE4AA}.Debug|Any CPU.Build.0 = Debug|Any CPU
		{11CF4B06-F953-48E4-9F9D-05CD7B1DE4AA}.Release|Any CPU.ActiveCfg = Release|Any CPU
		{11CF4B06-F953-48E4-9F9D-05CD7B1DE4AA}.Release|Any CPU.Build.0 = Release|Any CPU
	EndGlobalSection
	GlobalSection(NestedProjects) = preSolution
		{A7D31CEC-1941-483E-BA57-093AAFAAC800} = {D6D6A19D-EEC9-42C5-BAA9-13EFB929B6C1}
		{577C53EB-8D50-4F16-BC8F-BDD2F053D9CE} = {D6D6A19D-EEC9-42C5-BAA9-13EFB929B6C1}
		{FD3D584F-5921-48FF-87D3-CBA8F246D628} = {D6D6A19D-EEC9-42C5-BAA9-13EFB929B6C1}
		{3D2FB19C-3978-4AC4-9AFB-6B0AFFC373E9} = {D6D6A19D-EEC9-42C5-BAA9-13EFB929B6C1}
		{11CF4B06-F953-48E4-9F9D-05CD7B1DE4AA} = {B4ED6A11-BA89-4A34-9901-0EF9811DFB7B}
	EndGlobalSection
EndGlobal
